
Microsoft Visual Studio Solution File, Format Version 12.00
# Visual Studio Version 16
VisualStudioVersion = 16.0.30128.74
MinimumVisualStudioVersion = 10.0.40219.1
Project("{FAE04EC0-301F-11D3-BF4B-00C04F79EFBC}") = "ProductionDashboard.Web", "ProductionDashboard.Web\ProductionDashboard.Web.csproj", "{8FBC7BB5-11AF-4710-A363-6701CF5848F7}"
EndProject
Global
	GlobalSection(SolutionConfigurationPlatforms) = preSolution
		Debug|Any CPU = Debug|Any CPU
		Release|Any CPU = Release|Any CPU
	EndGlobalSection
	GlobalSection(ProjectConfigurationPlatforms) = postSolution
		{8FBC7BB5-11AF-4710-A363-6701CF5848F7}.Debug|Any CPU.ActiveCfg = Debug|Any CPU
		{8FBC7BB5-11AF-4710-A363-6701CF5848F7}.Debug|Any CPU.Build.0 = Debug|Any CPU
		{8FBC7BB5-11AF-4710-A363-6701CF5848F7}.Release|Any CPU.ActiveCfg = Release|Any CPU
		{8FBC7BB5-11AF-4710-A363-6701CF5848F7}.Release|Any CPU.Build.0 = Release|Any CPU
	EndGlobalSection
	GlobalSection(SolutionProperties) = preSolution
		HideSolutionNode = FALSE
	EndGlobalSection
	GlobalSection(ExtensibilityGlobals) = postSolution
		SolutionGuid = {10FA1F87-94F9-4553-853D-4FC3624725DC}
	EndGlobalSection
EndGlobal
